
Microsoft Visual Studio Solution File, Format Version 12.00
# Visual Studio 15
VisualStudioVersion = 15.0.28307.2092
MinimumVisualStudioVersion = 10.0.40219.1
Project("{8BC9CEB8-8B4A-11D0-8D11-00A0C91BC942}") = "Cuda_image", "Cuda_image\Cuda_image.vcxproj", "{ED76D55A-31B0-46DA-B1AD-9B8EE9957563}"
EndProject
Global
	GlobalSection(SolutionConfigurationPlatforms) = preSolution
		Debug|x64 = Debug|x64
		Release|x64 = Release|x64
	EndGlobalSection
	GlobalSection(ProjectConfigurationPlatforms) = postSolution
		{ED76D55A-31B0-46DA-B1AD-9B8EE9957563}.Debug|x64.ActiveCfg = Debug|x64
		{ED76D55A-31B0-46DA-B1AD-9B8EE9957563}.Debug|x64.Build.0 = Debug|x64
		{ED76D55A-31B0-46DA-B1AD-9B8EE9957563}.Release|x64.ActiveCfg = Release|x64
		{ED76D55A-31B0-46DA-B1AD-9B8EE9957563}.Release|x64.Build.0 = Release|x64
	EndGlobalSection
	GlobalSection(SolutionProperties) = preSolution
		HideSolutionNode = FALSE
	EndGlobalSection
	GlobalSection(ExtensibilityGlobals) = postSolution
		SolutionGuid = {0893A908-2FD7-46AE-BBA8-64A50CC81397}
	EndGlobalSection
EndGlobal
